{
  "originHash" : "9d3725db1e16a4512b7666b4bcdf05751493f5a97e93406ddd78e92d739bdad5",
  "pins" : [
    {
      "identity" : "asyncstore",
      "kind" : "remoteSourceControl",
      "location" : "https://github.com/jack0817/AsyncStore.git",
      "state" : {
        "branch" : "v1",
        "revision" : "2eb48ed68a18f218636a021628e1c92349a79e43"
      }
    }
  ],
  "version" : 3
}
