{
  "originHash" : "9d3725db1e16a4512b7666b4bcdf05751493f5a97e93406ddd78e92d739bdad5",
  "pins" : [
    {
      "identity" : "asyncstore",
      "kind" : "remoteSourceControl",
      "location" : "https://github.com/jack0817/AsyncStore.git",
      "state" : {
        "branch" : "v1",
        "revision" : "c8fb3515550492e1790dc542acc703022ad4d47f"
      }
    }
  ],
  "version" : 3
}
